// !$*UTF8*$!
{
	archiveVersion = 1;
	classes = {
	};
	objectVersion = 56;
	objects = {

/* Begin PBXBuildFile section */
		8DBAEEBEF108E0AC0AE4EC43 /* Pods_Spontaneous_SpontaneousUITests.framework in Frameworks */ = {isa = PBXBuildFile; fileRef = EEA02B9FE82DB2FB17C26F77 /* Pods_Spontaneous_SpontaneousUITests.framework */; };
		AF1F642053EC129F2A7636AB /* Pods_SpontaneousTests.framework in Frameworks */ = {isa = PBXBuildFile; fileRef = 4DDC3D2A4EB5DD65A58C390A /* Pods_SpontaneousTests.framework */; };
		B90741652950EA2F00CE841D /* WebViewViewController.swift in Sources */ = {isa = PBXBuildFile; fileRef = B90741642950EA2F00CE841D /* WebViewViewController.swift */; };
		B90741672950F54500CE841D /* LocationsViewController.swift in Sources */ = {isa = PBXBuildFile; fileRef = B90741662950F54500CE841D /* LocationsViewController.swift */; };
		B90741692950F57200CE841D /* LanguagesViewController.swift in Sources */ = {isa = PBXBuildFile; fileRef = B90741682950F57200CE841D /* LanguagesViewController.swift */; };
		B907416B2950F58F00CE841D /* ThemeViewController.swift in Sources */ = {isa = PBXBuildFile; fileRef = B907416A2950F58F00CE841D /* ThemeViewController.swift */; };
		B907416D2950F5A000CE841D /* CreditsViewController.swift in Sources */ = {isa = PBXBuildFile; fileRef = B907416C2950F5A000CE841D /* CreditsViewController.swift */; };
		B9187221294CF3D300314DF9 /* SettingsViewController.swift in Sources */ = {isa = PBXBuildFile; fileRef = B9187220294CF3D300314DF9 /* SettingsViewController.swift */; };
		B92ED6A12950B2D8009DAF8B /* FilterViewController.swift in Sources */ = {isa = PBXBuildFile; fileRef = B92ED6A02950B2D8009DAF8B /* FilterViewController.swift */; };
		B92ED6A42950CEBD009DAF8B /* SettingsTableViewCell.swift in Sources */ = {isa = PBXBuildFile; fileRef = B92ED6A22950CEBD009DAF8B /* SettingsTableViewCell.swift */; };
		B92ED6A52950CEBD009DAF8B /* SettingsTableViewCell.xib in Resources */ = {isa = PBXBuildFile; fileRef = B92ED6A32950CEBD009DAF8B /* SettingsTableViewCell.xib */; };
		B93B50B4294A37A50035F9AC /* LocationManager.swift in Sources */ = {isa = PBXBuildFile; fileRef = B93B50B3294A37A50035F9AC /* LocationManager.swift */; };
		B9448DF82996A51C00590397 /* GetDirectionsViewController.swift in Sources */ = {isa = PBXBuildFile; fileRef = B9448DF72996A51C00590397 /* GetDirectionsViewController.swift */; };
		B95127692947889E00689799 /* AppDelegate.swift in Sources */ = {isa = PBXBuildFile; fileRef = B95127682947889E00689799 /* AppDelegate.swift */; };
		B951276B2947889E00689799 /* SceneDelegate.swift in Sources */ = {isa = PBXBuildFile; fileRef = B951276A2947889E00689799 /* SceneDelegate.swift */; };
		B951276D2947889E00689799 /* ViewController.swift in Sources */ = {isa = PBXBuildFile; fileRef = B951276C2947889E00689799 /* ViewController.swift */; };
		B95127702947889E00689799 /* Main.storyboard in Resources */ = {isa = PBXBuildFile; fileRef = B951276E2947889E00689799 /* Main.storyboard */; };
		B9512772294788A100689799 /* Assets.xcassets in Resources */ = {isa = PBXBuildFile; fileRef = B9512771294788A100689799 /* Assets.xcassets */; };
		B9512775294788A100689799 /* LaunchScreen.storyboard in Resources */ = {isa = PBXBuildFile; fileRef = B9512773294788A100689799 /* LaunchScreen.storyboard */; };
		B9512780294788A100689799 /* SpontaneousTests.swift in Sources */ = {isa = PBXBuildFile; fileRef = B951277F294788A100689799 /* SpontaneousTests.swift */; };
		B951278A294788A100689799 /* SpontaneousUITests.swift in Sources */ = {isa = PBXBuildFile; fileRef = B9512789294788A100689799 /* SpontaneousUITests.swift */; };
		B951278C294788A100689799 /* SpontaneousUITestsLaunchTests.swift in Sources */ = {isa = PBXBuildFile; fileRef = B951278B294788A100689799 /* SpontaneousUITestsLaunchTests.swift */; };
		B964788E29945BD20033BD48 /* InfoWindow.xib in Resources */ = {isa = PBXBuildFile; fileRef = B964788D29945BD20033BD48 /* InfoWindow.xib */; };
		B964789029945BF20033BD48 /* InfoWindow.swift in Sources */ = {isa = PBXBuildFile; fileRef = B964788F29945BF20033BD48 /* InfoWindow.swift */; };
		B969A1C62948F3D2002134A9 /* API.swift in Sources */ = {isa = PBXBuildFile; fileRef = B969A1C52948F3D2002134A9 /* API.swift */; };
		B981C52A295FB98900EDDA2F /* Place.swift in Sources */ = {isa = PBXBuildFile; fileRef = B981C529295FB98900EDDA2F /* Place.swift */; };
		B9CCEC49297AEB8F00F5BDFA /* style.json in Resources */ = {isa = PBXBuildFile; fileRef = B9CCEC48297AEB8E00F5BDFA /* style.json */; };
		DE4D4061A8FCCE9CFA2B2A65 /* Pods_Spontaneous.framework in Frameworks */ = {isa = PBXBuildFile; fileRef = 659DBDD5E40D8EA907D856CE /* Pods_Spontaneous.framework */; };
/* End PBXBuildFile section */

/* Begin PBXContainerItemProxy section */
		B951277C294788A100689799 /* PBXContainerItemProxy */ = {
			isa = PBXContainerItemProxy;
			containerPortal = B951275D2947889E00689799 /* Project object */;
			proxyType = 1;
			remoteGlobalIDString = B95127642947889E00689799;
			remoteInfo = Spontaneous;
		};
		B9512786294788A100689799 /* PBXContainerItemProxy */ = {
			isa = PBXContainerItemProxy;
			containerPortal = B951275D2947889E00689799 /* Project object */;
			proxyType = 1;
			remoteGlobalIDString = B95127642947889E00689799;
			remoteInfo = Spontaneous;
		};
/* End PBXContainerItemProxy section */

/* Begin PBXFileReference section */
		199FC8BFA7DAFD139444B7E6 /* Pods-SpontaneousTests.debug.xcconfig */ = {isa = PBXFileReference; includeInIndex = 1; lastKnownFileType = text.xcconfig; name = "Pods-SpontaneousTests.debug.xcconfig"; path = "Target Support Files/Pods-SpontaneousTests/Pods-SpontaneousTests.debug.xcconfig"; sourceTree = "<group>"; };
		31290F6E1A20C0F1452035FE /* Pods-Spontaneous.release.xcconfig */ = {isa = PBXFileReference; includeInIndex = 1; lastKnownFileType = text.xcconfig; name = "Pods-Spontaneous.release.xcconfig"; path = "Target Support Files/Pods-Spontaneous/Pods-Spontaneous.release.xcconfig"; sourceTree = "<group>"; };
		4DDC3D2A4EB5DD65A58C390A /* Pods_SpontaneousTests.framework */ = {isa = PBXFileReference; explicitFileType = wrapper.framework; includeInIndex = 0; path = Pods_SpontaneousTests.framework; sourceTree = BUILT_PRODUCTS_DIR; };
		659DBDD5E40D8EA907D856CE /* Pods_Spontaneous.framework */ = {isa = PBXFileReference; explicitFileType = wrapper.framework; includeInIndex = 0; path = Pods_Spontaneous.framework; sourceTree = BUILT_PRODUCTS_DIR; };
		7CCDFE4C8B5A76CE24EEE40E /* Pods-Spontaneous.debug.xcconfig */ = {isa = PBXFileReference; includeInIndex = 1; lastKnownFileType = text.xcconfig; name = "Pods-Spontaneous.debug.xcconfig"; path = "Target Support Files/Pods-Spontaneous/Pods-Spontaneous.debug.xcconfig"; sourceTree = "<group>"; };
		B57B8F09483B8063B67AE40F /* Pods-SpontaneousTests.release.xcconfig */ = {isa = PBXFileReference; includeInIndex = 1; lastKnownFileType = text.xcconfig; name = "Pods-SpontaneousTests.release.xcconfig"; path = "Target Support Files/Pods-SpontaneousTests/Pods-SpontaneousTests.release.xcconfig"; sourceTree = "<group>"; };
		B90741642950EA2F00CE841D /* WebViewViewController.swift */ = {isa = PBXFileReference; lastKnownFileType = sourcecode.swift; path = WebViewViewController.swift; sourceTree = "<group>"; };
		B90741662950F54500CE841D /* LocationsViewController.swift */ = {isa = PBXFileReference; lastKnownFileType = sourcecode.swift; path = LocationsViewController.swift; sourceTree = "<group>"; };
		B90741682950F57200CE841D /* LanguagesViewController.swift */ = {isa = PBXFileReference; lastKnownFileType = sourcecode.swift; path = LanguagesViewController.swift; sourceTree = "<group>"; };
		B907416A2950F58F00CE841D /* ThemeViewController.swift */ = {isa = PBXFileReference; lastKnownFileType = sourcecode.swift; path = ThemeViewController.swift; sourceTree = "<group>"; };
		B907416C2950F5A000CE841D /* CreditsViewController.swift */ = {isa = PBXFileReference; lastKnownFileType = sourcecode.swift; path = CreditsViewController.swift; sourceTree = "<group>"; };
		B9187220294CF3D300314DF9 /* SettingsViewController.swift */ = {isa = PBXFileReference; lastKnownFileType = sourcecode.swift; path = SettingsViewController.swift; sourceTree = "<group>"; };
		B92ED6A02950B2D8009DAF8B /* FilterViewController.swift */ = {isa = PBXFileReference; lastKnownFileType = sourcecode.swift; path = FilterViewController.swift; sourceTree = "<group>"; };
		B92ED6A22950CEBD009DAF8B /* SettingsTableViewCell.swift */ = {isa = PBXFileReference; lastKnownFileType = sourcecode.swift; path = SettingsTableViewCell.swift; sourceTree = "<group>"; };
		B92ED6A32950CEBD009DAF8B /* SettingsTableViewCell.xib */ = {isa = PBXFileReference; lastKnownFileType = file.xib; path = SettingsTableViewCell.xib; sourceTree = "<group>"; };
		B93B50B3294A37A50035F9AC /* LocationManager.swift */ = {isa = PBXFileReference; lastKnownFileType = sourcecode.swift; path = LocationManager.swift; sourceTree = "<group>"; };
		B9448DF72996A51C00590397 /* GetDirectionsViewController.swift */ = {isa = PBXFileReference; lastKnownFileType = sourcecode.swift; path = GetDirectionsViewController.swift; sourceTree = "<group>"; };
		B95127652947889E00689799 /* Spontaneous.app */ = {isa = PBXFileReference; explicitFileType = wrapper.application; includeInIndex = 0; path = Spontaneous.app; sourceTree = BUILT_PRODUCTS_DIR; };
		B95127682947889E00689799 /* AppDelegate.swift */ = {isa = PBXFileReference; lastKnownFileType = sourcecode.swift; path = AppDelegate.swift; sourceTree = "<group>"; };
		B951276A2947889E00689799 /* SceneDelegate.swift */ = {isa = PBXFileReference; lastKnownFileType = sourcecode.swift; path = SceneDelegate.swift; sourceTree = "<group>"; };
		B951276C2947889E00689799 /* ViewController.swift */ = {isa = PBXFileReference; lastKnownFileType = sourcecode.swift; path = ViewController.swift; sourceTree = "<group>"; };
		B951276F2947889E00689799 /* Base */ = {isa = PBXFileReference; lastKnownFileType = file.storyboard; name = Base; path = Base.lproj/Main.storyboard; sourceTree = "<group>"; };
		B9512771294788A100689799 /* Assets.xcassets */ = {isa = PBXFileReference; lastKnownFileType = folder.assetcatalog; path = Assets.xcassets; sourceTree = "<group>"; };
		B9512774294788A100689799 /* Base */ = {isa = PBXFileReference; lastKnownFileType = file.storyboard; name = Base; path = Base.lproj/LaunchScreen.storyboard; sourceTree = "<group>"; };
		B9512776294788A100689799 /* Info.plist */ = {isa = PBXFileReference; lastKnownFileType = text.plist.xml; path = Info.plist; sourceTree = "<group>"; };
		B951277B294788A100689799 /* SpontaneousTests.xctest */ = {isa = PBXFileReference; explicitFileType = wrapper.cfbundle; includeInIndex = 0; path = SpontaneousTests.xctest; sourceTree = BUILT_PRODUCTS_DIR; };
		B951277F294788A100689799 /* SpontaneousTests.swift */ = {isa = PBXFileReference; lastKnownFileType = sourcecode.swift; path = SpontaneousTests.swift; sourceTree = "<group>"; };
		B9512785294788A100689799 /* SpontaneousUITests.xctest */ = {isa = PBXFileReference; explicitFileType = wrapper.cfbundle; includeInIndex = 0; path = SpontaneousUITests.xctest; sourceTree = BUILT_PRODUCTS_DIR; };
		B9512789294788A100689799 /* SpontaneousUITests.swift */ = {isa = PBXFileReference; lastKnownFileType = sourcecode.swift; path = SpontaneousUITests.swift; sourceTree = "<group>"; };
		B951278B294788A100689799 /* SpontaneousUITestsLaunchTests.swift */ = {isa = PBXFileReference; lastKnownFileType = sourcecode.swift; path = SpontaneousUITestsLaunchTests.swift; sourceTree = "<group>"; };
		B964788D29945BD20033BD48 /* InfoWindow.xib */ = {isa = PBXFileReference; lastKnownFileType = file.xib; path = InfoWindow.xib; sourceTree = "<group>"; };
		B964788F29945BF20033BD48 /* InfoWindow.swift */ = {isa = PBXFileReference; lastKnownFileType = sourcecode.swift; path = InfoWindow.swift; sourceTree = "<group>"; };
		B969A1C52948F3D2002134A9 /* API.swift */ = {isa = PBXFileReference; lastKnownFileType = sourcecode.swift; path = API.swift; sourceTree = "<group>"; };
		B981C529295FB98900EDDA2F /* Place.swift */ = {isa = PBXFileReference; lastKnownFileType = sourcecode.swift; path = Place.swift; sourceTree = "<group>"; };
		B9CCEC48297AEB8E00F5BDFA /* style.json */ = {isa = PBXFileReference; fileEncoding = 4; lastKnownFileType = text.json; path = style.json; sourceTree = "<group>"; };
		C78F76867B5EB3E34FC37F3F /* Pods-Spontaneous-SpontaneousUITests.release.xcconfig */ = {isa = PBXFileReference; includeInIndex = 1; lastKnownFileType = text.xcconfig; name = "Pods-Spontaneous-SpontaneousUITests.release.xcconfig"; path = "Target Support Files/Pods-Spontaneous-SpontaneousUITests/Pods-Spontaneous-SpontaneousUITests.release.xcconfig"; sourceTree = "<group>"; };
		EEA02B9FE82DB2FB17C26F77 /* Pods_Spontaneous_SpontaneousUITests.framework */ = {isa = PBXFileReference; explicitFileType = wrapper.framework; includeInIndex = 0; path = Pods_Spontaneous_SpontaneousUITests.framework; sourceTree = BUILT_PRODUCTS_DIR; };
		F29B18FCC46C0AA771F11864 /* Pods-Spontaneous-SpontaneousUITests.debug.xcconfig */ = {isa = PBXFileReference; includeInIndex = 1; lastKnownFileType = text.xcconfig; name = "Pods-Spontaneous-SpontaneousUITests.debug.xcconfig"; path = "Target Support Files/Pods-Spontaneous-SpontaneousUITests/Pods-Spontaneous-SpontaneousUITests.debug.xcconfig"; sourceTree = "<group>"; };
/* End PBXFileReference section */

/* Begin PBXFrameworksBuildPhase section */
		B95127622947889E00689799 /* Frameworks */ = {
			isa = PBXFrameworksBuildPhase;
			buildActionMask = 2147483647;
			files = (
				DE4D4061A8FCCE9CFA2B2A65 /* Pods_Spontaneous.framework in Frameworks */,
			);
			runOnlyForDeploymentPostprocessing = 0;
		};
		B9512778294788A100689799 /* Frameworks */ = {
			isa = PBXFrameworksBuildPhase;
			buildActionMask = 2147483647;
			files = (
				AF1F642053EC129F2A7636AB /* Pods_SpontaneousTests.framework in Frameworks */,
			);
			runOnlyForDeploymentPostprocessing = 0;
		};
		B9512782294788A100689799 /* Frameworks */ = {
			isa = PBXFrameworksBuildPhase;
			buildActionMask = 2147483647;
			files = (
				8DBAEEBEF108E0AC0AE4EC43 /* Pods_Spontaneous_SpontaneousUITests.framework in Frameworks */,
			);
			runOnlyForDeploymentPostprocessing = 0;
		};
/* End PBXFrameworksBuildPhase section */

/* Begin PBXGroup section */
		B951275C2947889E00689799 = {
			isa = PBXGroup;
			children = (
				B95127672947889E00689799 /* Spontaneous */,
				B9B95EA6294796F1003F1BD2 /* Model */,
				B9B95EA4294796CE003F1BD2 /* ViewModel */,
				B9B95EA329479662003F1BD2 /* View */,
				B951277E294788A100689799 /* SpontaneousTests */,
				B9512788294788A100689799 /* SpontaneousUITests */,
				B95127662947889E00689799 /* Products */,
				C043687C4A887E92B2988D45 /* Pods */,
				CB09F026BC8B6605FB2625DC /* Frameworks */,
			);
			sourceTree = "<group>";
		};
		B95127662947889E00689799 /* Products */ = {
			isa = PBXGroup;
			children = (
				B95127652947889E00689799 /* Spontaneous.app */,
				B951277B294788A100689799 /* SpontaneousTests.xctest */,
				B9512785294788A100689799 /* SpontaneousUITests.xctest */,
			);
			name = Products;
			sourceTree = "<group>";
		};
		B95127672947889E00689799 /* Spontaneous */ = {
			isa = PBXGroup;
			children = (
				B9CCEC47297AEB3D00F5BDFA /* Map */,
				B95127682947889E00689799 /* AppDelegate.swift */,
				B951276A2947889E00689799 /* SceneDelegate.swift */,
				B951276E2947889E00689799 /* Main.storyboard */,
				B9512773294788A100689799 /* LaunchScreen.storyboard */,
			);
			path = Spontaneous;
			sourceTree = "<group>";
		};
		B951277E294788A100689799 /* SpontaneousTests */ = {
			isa = PBXGroup;
			children = (
				B951277F294788A100689799 /* SpontaneousTests.swift */,
			);
			path = SpontaneousTests;
			sourceTree = "<group>";
		};
		B9512788294788A100689799 /* SpontaneousUITests */ = {
			isa = PBXGroup;
			children = (
				B9512789294788A100689799 /* SpontaneousUITests.swift */,
				B951278B294788A100689799 /* SpontaneousUITestsLaunchTests.swift */,
			);
			path = SpontaneousUITests;
			sourceTree = "<group>";
		};
		B964788C29945BAA0033BD48 /* InfoWindow */ = {
			isa = PBXGroup;
			children = (
				B964788D29945BD20033BD48 /* InfoWindow.xib */,
				B964788F29945BF20033BD48 /* InfoWindow.swift */,
			);
			path = InfoWindow;
			sourceTree = "<group>";
		};
		B969A1C42948F2AB002134A9 /* GoogleAPI */ = {
			isa = PBXGroup;
			children = (
				B969A1C52948F3D2002134A9 /* API.swift */,
				B93B50B3294A37A50035F9AC /* LocationManager.swift */,
			);
			path = GoogleAPI;
			sourceTree = "<group>";
		};
		B9B95EA329479662003F1BD2 /* View */ = {
			isa = PBXGroup;
			children = (
				B964788C29945BAA0033BD48 /* InfoWindow */,
				B9B95EA7294799B1003F1BD2 /* Controllers */,
				B9512771294788A100689799 /* Assets.xcassets */,
			);
			path = View;
			sourceTree = "<group>";
		};
		B9B95EA4294796CE003F1BD2 /* ViewModel */ = {
			isa = PBXGroup;
			children = (
				B969A1C42948F2AB002134A9 /* GoogleAPI */,
				B9512776294788A100689799 /* Info.plist */,
			);
			path = ViewModel;
			sourceTree = "<group>";
		};
		B9B95EA6294796F1003F1BD2 /* Model */ = {
			isa = PBXGroup;
			children = (
				B981C529295FB98900EDDA2F /* Place.swift */,
			);
			path = Model;
			sourceTree = "<group>";
		};
		B9B95EA7294799B1003F1BD2 /* Controllers */ = {
			isa = PBXGroup;
			children = (
				B951276C2947889E00689799 /* ViewController.swift */,
				B9187220294CF3D300314DF9 /* SettingsViewController.swift */,
				B907416C2950F5A000CE841D /* CreditsViewController.swift */,
				B907416A2950F58F00CE841D /* ThemeViewController.swift */,
				B90741682950F57200CE841D /* LanguagesViewController.swift */,
				B90741662950F54500CE841D /* LocationsViewController.swift */,
				B90741642950EA2F00CE841D /* WebViewViewController.swift */,
				B92ED6A02950B2D8009DAF8B /* FilterViewController.swift */,
				B92ED6A22950CEBD009DAF8B /* SettingsTableViewCell.swift */,
				B92ED6A32950CEBD009DAF8B /* SettingsTableViewCell.xib */,
				B9448DF72996A51C00590397 /* GetDirectionsViewController.swift */,
			);
			path = Controllers;
			sourceTree = "<group>";
		};
		B9CCEC47297AEB3D00F5BDFA /* Map */ = {
			isa = PBXGroup;
			children = (
				B9CCEC48297AEB8E00F5BDFA /* style.json */,
			);
			path = Map;
			sourceTree = "<group>";
		};
		C043687C4A887E92B2988D45 /* Pods */ = {
			isa = PBXGroup;
			children = (
				7CCDFE4C8B5A76CE24EEE40E /* Pods-Spontaneous.debug.xcconfig */,
				31290F6E1A20C0F1452035FE /* Pods-Spontaneous.release.xcconfig */,
				F29B18FCC46C0AA771F11864 /* Pods-Spontaneous-SpontaneousUITests.debug.xcconfig */,
				C78F76867B5EB3E34FC37F3F /* Pods-Spontaneous-SpontaneousUITests.release.xcconfig */,
				199FC8BFA7DAFD139444B7E6 /* Pods-SpontaneousTests.debug.xcconfig */,
				B57B8F09483B8063B67AE40F /* Pods-SpontaneousTests.release.xcconfig */,
			);
			path = Pods;
			sourceTree = "<group>";
		};
		CB09F026BC8B6605FB2625DC /* Frameworks */ = {
			isa = PBXGroup;
			children = (
				659DBDD5E40D8EA907D856CE /* Pods_Spontaneous.framework */,
				EEA02B9FE82DB2FB17C26F77 /* Pods_Spontaneous_SpontaneousUITests.framework */,
				4DDC3D2A4EB5DD65A58C390A /* Pods_SpontaneousTests.framework */,
			);
			name = Frameworks;
			sourceTree = "<group>";
		};
/* End PBXGroup section */

/* Begin PBXNativeTarget section */
		B95127642947889E00689799 /* Spontaneous */ = {
			isa = PBXNativeTarget;
			buildConfigurationList = B951278F294788A100689799 /* Build configuration list for PBXNativeTarget "Spontaneous" */;
			buildPhases = (
				E3FA2AE12AB6E65BC86B2D08 /* [CP] Check Pods Manifest.lock */,
				B95127612947889E00689799 /* Sources */,
				B95127622947889E00689799 /* Frameworks */,
				B95127632947889E00689799 /* Resources */,
				6F612BC4C1A7A0DDD2BF28BC /* [CP] Copy Pods Resources */,
			);
			buildRules = (
			);
			dependencies = (
			);
			name = Spontaneous;
			productName = Spontaneous;
			productReference = B95127652947889E00689799 /* Spontaneous.app */;
			productType = "com.apple.product-type.application";
		};
		B951277A294788A100689799 /* SpontaneousTests */ = {
			isa = PBXNativeTarget;
			buildConfigurationList = B9512792294788A100689799 /* Build configuration list for PBXNativeTarget "SpontaneousTests" */;
			buildPhases = (
				F0D518C8D15E5031C1C84186 /* [CP] Check Pods Manifest.lock */,
				B9512777294788A100689799 /* Sources */,
				B9512778294788A100689799 /* Frameworks */,
				B9512779294788A100689799 /* Resources */,
			);
			buildRules = (
			);
			dependencies = (
				B951277D294788A100689799 /* PBXTargetDependency */,
			);
			name = SpontaneousTests;
			productName = SpontaneousTests;
			productReference = B951277B294788A100689799 /* SpontaneousTests.xctest */;
			productType = "com.apple.product-type.bundle.unit-test";
		};
		B9512784294788A100689799 /* SpontaneousUITests */ = {
			isa = PBXNativeTarget;
			buildConfigurationList = B9512795294788A100689799 /* Build configuration list for PBXNativeTarget "SpontaneousUITests" */;
			buildPhases = (
				80F4167D5B2DBCA75D37B051 /* [CP] Check Pods Manifest.lock */,
				B9512781294788A100689799 /* Sources */,
				B9512782294788A100689799 /* Frameworks */,
				B9512783294788A100689799 /* Resources */,
				0261DCFBE3FEE660009D7719 /* [CP] Copy Pods Resources */,
			);
			buildRules = (
			);
			dependencies = (
				B9512787294788A100689799 /* PBXTargetDependency */,
			);
			name = SpontaneousUITests;
			productName = SpontaneousUITests;
			productReference = B9512785294788A100689799 /* SpontaneousUITests.xctest */;
			productType = "com.apple.product-type.bundle.ui-testing";
		};
/* End PBXNativeTarget section */

/* Begin PBXProject section */
		B951275D2947889E00689799 /* Project object */ = {
			isa = PBXProject;
			attributes = {
				BuildIndependentTargetsInParallel = 1;
				LastSwiftUpdateCheck = 1400;
				LastUpgradeCheck = 1400;
				TargetAttributes = {
					B95127642947889E00689799 = {
						CreatedOnToolsVersion = 14.0;
					};
					B951277A294788A100689799 = {
						CreatedOnToolsVersion = 14.0;
						TestTargetID = B95127642947889E00689799;
					};
					B9512784294788A100689799 = {
						CreatedOnToolsVersion = 14.0;
						TestTargetID = B95127642947889E00689799;
					};
				};
			};
			buildConfigurationList = B95127602947889E00689799 /* Build configuration list for PBXProject "Spontaneous" */;
			compatibilityVersion = "Xcode 14.0";
			developmentRegion = en;
			hasScannedForEncodings = 0;
			knownRegions = (
				en,
				Base,
			);
			mainGroup = B951275C2947889E00689799;
			productRefGroup = B95127662947889E00689799 /* Products */;
			projectDirPath = "";
			projectRoot = "";
			targets = (
				B95127642947889E00689799 /* Spontaneous */,
				B951277A294788A100689799 /* SpontaneousTests */,
				B9512784294788A100689799 /* SpontaneousUITests */,
			);
		};
/* End PBXProject section */

/* Begin PBXResourcesBuildPhase section */
		B95127632947889E00689799 /* Resources */ = {
			isa = PBXResourcesBuildPhase;
			buildActionMask = 2147483647;
			files = (
				B9512775294788A100689799 /* LaunchScreen.storyboard in Resources */,
				B9512772294788A100689799 /* Assets.xcassets in Resources */,
				B92ED6A52950CEBD009DAF8B /* SettingsTableViewCell.xib in Resources */,
				B9CCEC49297AEB8F00F5BDFA /* style.json in Resources */,
				B95127702947889E00689799 /* Main.storyboard in Resources */,
				B964788E29945BD20033BD48 /* InfoWindow.xib in Resources */,
			);
			runOnlyForDeploymentPostprocessing = 0;
		};
		B9512779294788A100689799 /* Resources */ = {
			isa = PBXResourcesBuildPhase;
			buildActionMask = 2147483647;
			files = (
			);
			runOnlyForDeploymentPostprocessing = 0;
		};
		B9512783294788A100689799 /* Resources */ = {
			isa = PBXResourcesBuildPhase;
			buildActionMask = 2147483647;
			files = (
			);
			runOnlyForDeploymentPostprocessing = 0;
		};
/* End PBXResourcesBuildPhase section */

/* Begin PBXShellScriptBuildPhase section */
		0261DCFBE3FEE660009D7719 /* [CP] Copy Pods Resources */ = {
			isa = PBXShellScriptBuildPhase;
			buildActionMask = 2147483647;
			files = (
			);
			inputFileListPaths = (
				"${PODS_ROOT}/Target Support Files/Pods-Spontaneous-SpontaneousUITests/Pods-Spontaneous-SpontaneousUITests-resources-${CONFIGURATION}-input-files.xcfilelist",
			);
			name = "[CP] Copy Pods Resources";
			outputFileListPaths = (
				"${PODS_ROOT}/Target Support Files/Pods-Spontaneous-SpontaneousUITests/Pods-Spontaneous-SpontaneousUITests-resources-${CONFIGURATION}-output-files.xcfilelist",
			);
			runOnlyForDeploymentPostprocessing = 0;
			shellPath = /bin/sh;
			shellScript = "\"${PODS_ROOT}/Target Support Files/Pods-Spontaneous-SpontaneousUITests/Pods-Spontaneous-SpontaneousUITests-resources.sh\"\n";
			showEnvVarsInLog = 0;
		};
		6F612BC4C1A7A0DDD2BF28BC /* [CP] Copy Pods Resources */ = {
			isa = PBXShellScriptBuildPhase;
			buildActionMask = 2147483647;
			files = (
			);
			inputFileListPaths = (
				"${PODS_ROOT}/Target Support Files/Pods-Spontaneous/Pods-Spontaneous-resources-${CONFIGURATION}-input-files.xcfilelist",
			);
			name = "[CP] Copy Pods Resources";
			outputFileListPaths = (
				"${PODS_ROOT}/Target Support Files/Pods-Spontaneous/Pods-Spontaneous-resources-${CONFIGURATION}-output-files.xcfilelist",
			);
			runOnlyForDeploymentPostprocessing = 0;
			shellPath = /bin/sh;
			shellScript = "\"${PODS_ROOT}/Target Support Files/Pods-Spontaneous/Pods-Spontaneous-resources.sh\"\n";
			showEnvVarsInLog = 0;
		};
		80F4167D5B2DBCA75D37B051 /* [CP] Check Pods Manifest.lock */ = {
			isa = PBXShellScriptBuildPhase;
			buildActionMask = 2147483647;
			files = (
			);
			inputFileListPaths = (
			);
			inputPaths = (
				"${PODS_PODFILE_DIR_PATH}/Podfile.lock",
				"${PODS_ROOT}/Manifest.lock",
			);
			name = "[CP] Check Pods Manifest.lock";
			outputFileListPaths = (
			);
			outputPaths = (
				"$(DERIVED_FILE_DIR)/Pods-Spontaneous-SpontaneousUITests-checkManifestLockResult.txt",
			);
			runOnlyForDeploymentPostprocessing = 0;
			shellPath = /bin/sh;
			shellScript = "diff \"${PODS_PODFILE_DIR_PATH}/Podfile.lock\" \"${PODS_ROOT}/Manifest.lock\" > /dev/null\nif [ $? != 0 ] ; then\n    # print error to STDERR\n    echo \"error: The sandbox is not in sync with the Podfile.lock. Run 'pod install' or update your CocoaPods installation.\" >&2\n    exit 1\nfi\n# This output is used by Xcode 'outputs' to avoid re-running this script phase.\necho \"SUCCESS\" > \"${SCRIPT_OUTPUT_FILE_0}\"\n";
			showEnvVarsInLog = 0;
		};
		E3FA2AE12AB6E65BC86B2D08 /* [CP] Check Pods Manifest.lock */ = {
			isa = PBXShellScriptBuildPhase;
			buildActionMask = 2147483647;
			files = (
			);
			inputFileListPaths = (
			);
			inputPaths = (
				"${PODS_PODFILE_DIR_PATH}/Podfile.lock",
				"${PODS_ROOT}/Manifest.lock",
			);
			name = "[CP] Check Pods Manifest.lock";
			outputFileListPaths = (
			);
			outputPaths = (
				"$(DERIVED_FILE_DIR)/Pods-Spontaneous-checkManifestLockResult.txt",
			);
			runOnlyForDeploymentPostprocessing = 0;
			shellPath = /bin/sh;
			shellScript = "diff \"${PODS_PODFILE_DIR_PATH}/Podfile.lock\" \"${PODS_ROOT}/Manifest.lock\" > /dev/null\nif [ $? != 0 ] ; then\n    # print error to STDERR\n    echo \"error: The sandbox is not in sync with the Podfile.lock. Run 'pod install' or update your CocoaPods installation.\" >&2\n    exit 1\nfi\n# This output is used by Xcode 'outputs' to avoid re-running this script phase.\necho \"SUCCESS\" > \"${SCRIPT_OUTPUT_FILE_0}\"\n";
			showEnvVarsInLog = 0;
		};
		F0D518C8D15E5031C1C84186 /* [CP] Check Pods Manifest.lock */ = {
			isa = PBXShellScriptBuildPhase;
			buildActionMask = 2147483647;
			files = (
			);
			inputFileListPaths = (
			);
			inputPaths = (
				"${PODS_PODFILE_DIR_PATH}/Podfile.lock",
				"${PODS_ROOT}/Manifest.lock",
			);
			name = "[CP] Check Pods Manifest.lock";
			outputFileListPaths = (
			);
			outputPaths = (
				"$(DERIVED_FILE_DIR)/Pods-SpontaneousTests-checkManifestLockResult.txt",
			);
			runOnlyForDeploymentPostprocessing = 0;
			shellPath = /bin/sh;
			shellScript = "diff \"${PODS_PODFILE_DIR_PATH}/Podfile.lock\" \"${PODS_ROOT}/Manifest.lock\" > /dev/null\nif [ $? != 0 ] ; then\n    # print error to STDERR\n    echo \"error: The sandbox is not in sync with the Podfile.lock. Run 'pod install' or update your CocoaPods installation.\" >&2\n    exit 1\nfi\n# This output is used by Xcode 'outputs' to avoid re-running this script phase.\necho \"SUCCESS\" > \"${SCRIPT_OUTPUT_FILE_0}\"\n";
			showEnvVarsInLog = 0;
		};
/* End PBXShellScriptBuildPhase section */

/* Begin PBXSourcesBuildPhase section */
		B95127612947889E00689799 /* Sources */ = {
			isa = PBXSourcesBuildPhase;
			buildActionMask = 2147483647;
			files = (
				B907416D2950F5A000CE841D /* CreditsViewController.swift in Sources */,
				B981C52A295FB98900EDDA2F /* Place.swift in Sources */,
				B92ED6A12950B2D8009DAF8B /* FilterViewController.swift in Sources */,
				B90741672950F54500CE841D /* LocationsViewController.swift in Sources */,
				B90741652950EA2F00CE841D /* WebViewViewController.swift in Sources */,
				B951276D2947889E00689799 /* ViewController.swift in Sources */,
				B92ED6A42950CEBD009DAF8B /* SettingsTableViewCell.swift in Sources */,
				B95127692947889E00689799 /* AppDelegate.swift in Sources */,
				B907416B2950F58F00CE841D /* ThemeViewController.swift in Sources */,
				B93B50B4294A37A50035F9AC /* LocationManager.swift in Sources */,
				B969A1C62948F3D2002134A9 /* API.swift in Sources */,
				B951276B2947889E00689799 /* SceneDelegate.swift in Sources */,
				B90741692950F57200CE841D /* LanguagesViewController.swift in Sources */,
				B9448DF82996A51C00590397 /* GetDirectionsViewController.swift in Sources */,
				B9187221294CF3D300314DF9 /* SettingsViewController.swift in Sources */,
				B964789029945BF20033BD48 /* InfoWindow.swift in Sources */,
			);
			runOnlyForDeploymentPostprocessing = 0;
		};
		B9512777294788A100689799 /* Sources */ = {
			isa = PBXSourcesBuildPhase;
			buildActionMask = 2147483647;
			files = (
				B9512780294788A100689799 /* SpontaneousTests.swift in Sources */,
			);
			runOnlyForDeploymentPostprocessing = 0;
		};
		B9512781294788A100689799 /* Sources */ = {
			isa = PBXSourcesBuildPhase;
			buildActionMask = 2147483647;
			files = (
				B951278C294788A100689799 /* SpontaneousUITestsLaunchTests.swift in Sources */,
				B951278A294788A100689799 /* SpontaneousUITests.swift in Sources */,
			);
			runOnlyForDeploymentPostprocessing = 0;
		};
/* End PBXSourcesBuildPhase section */

/* Begin PBXTargetDependency section */
		B951277D294788A100689799 /* PBXTargetDependency */ = {
			isa = PBXTargetDependency;
			target = B95127642947889E00689799 /* Spontaneous */;
			targetProxy = B951277C294788A100689799 /* PBXContainerItemProxy */;
		};
		B9512787294788A100689799 /* PBXTargetDependency */ = {
			isa = PBXTargetDependency;
			target = B95127642947889E00689799 /* Spontaneous */;
			targetProxy = B9512786294788A100689799 /* PBXContainerItemProxy */;
		};
/* End PBXTargetDependency section */

/* Begin PBXVariantGroup section */
		B951276E2947889E00689799 /* Main.storyboard */ = {
			isa = PBXVariantGroup;
			children = (
				B951276F2947889E00689799 /* Base */,
			);
			name = Main.storyboard;
			sourceTree = "<group>";
		};
		B9512773294788A100689799 /* LaunchScreen.storyboard */ = {
			isa = PBXVariantGroup;
			children = (
				B9512774294788A100689799 /* Base */,
			);
			name = LaunchScreen.storyboard;
			sourceTree = "<group>";
		};
/* End PBXVariantGroup section */

/* Begin XCBuildConfiguration section */
		B951278D294788A100689799 /* Debug */ = {
			isa = XCBuildConfiguration;
			buildSettings = {
				ALWAYS_SEARCH_USER_PATHS = NO;
				CLANG_ANALYZER_NONNULL = YES;
				CLANG_ANALYZER_NUMBER_OBJECT_CONVERSION = YES_AGGRESSIVE;
				CLANG_CXX_LANGUAGE_STANDARD = "gnu++20";
				CLANG_ENABLE_MODULES = YES;
				CLANG_ENABLE_OBJC_ARC = YES;
				CLANG_ENABLE_OBJC_WEAK = YES;
				CLANG_WARN_BLOCK_CAPTURE_AUTORELEASING = YES;
				CLANG_WARN_BOOL_CONVERSION = YES;
				CLANG_WARN_COMMA = YES;
				CLANG_WARN_CONSTANT_CONVERSION = YES;
				CLANG_WARN_DEPRECATED_OBJC_IMPLEMENTATIONS = YES;
				CLANG_WARN_DIRECT_OBJC_ISA_USAGE = YES_ERROR;
				CLANG_WARN_DOCUMENTATION_COMMENTS = YES;
				CLANG_WARN_EMPTY_BODY = YES;
				CLANG_WARN_ENUM_CONVERSION = YES;
				CLANG_WARN_INFINITE_RECURSION = YES;
				CLANG_WARN_INT_CONVERSION = YES;
				CLANG_WARN_NON_LITERAL_NULL_CONVERSION = YES;
				CLANG_WARN_OBJC_IMPLICIT_RETAIN_SELF = YES;
				CLANG_WARN_OBJC_LITERAL_CONVERSION = YES;
				CLANG_WARN_OBJC_ROOT_CLASS = YES_ERROR;
				CLANG_WARN_QUOTED_INCLUDE_IN_FRAMEWORK_HEADER = YES;
				CLANG_WARN_RANGE_LOOP_ANALYSIS = YES;
				CLANG_WARN_STRICT_PROTOTYPES = YES;
				CLANG_WARN_SUSPICIOUS_MOVE = YES;
				CLANG_WARN_UNGUARDED_AVAILABILITY = YES_AGGRESSIVE;
				CLANG_WARN_UNREACHABLE_CODE = YES;
				CLANG_WARN__DUPLICATE_METHOD_MATCH = YES;
				COPY_PHASE_STRIP = NO;
				DEBUG_INFORMATION_FORMAT = dwarf;
				ENABLE_STRICT_OBJC_MSGSEND = YES;
				ENABLE_TESTABILITY = YES;
				GCC_C_LANGUAGE_STANDARD = gnu11;
				GCC_DYNAMIC_NO_PIC = NO;
				GCC_NO_COMMON_BLOCKS = YES;
				GCC_OPTIMIZATION_LEVEL = 0;
				GCC_PREPROCESSOR_DEFINITIONS = (
					"DEBUG=1",
					"$(inherited)",
				);
				GCC_WARN_64_TO_32_BIT_CONVERSION = YES;
				GCC_WARN_ABOUT_RETURN_TYPE = YES_ERROR;
				GCC_WARN_UNDECLARED_SELECTOR = YES;
				GCC_WARN_UNINITIALIZED_AUTOS = YES_AGGRESSIVE;
				GCC_WARN_UNUSED_FUNCTION = YES;
				GCC_WARN_UNUSED_VARIABLE = YES;
				INFOPLIST_FILE = Spontaneous/ViewModel/Info.plist;
				IPHONEOS_DEPLOYMENT_TARGET = 16.2;
				MTL_ENABLE_DEBUG_INFO = INCLUDE_SOURCE;
				MTL_FAST_MATH = YES;
				ONLY_ACTIVE_ARCH = YES;
				SDKROOT = iphoneos;
				SWIFT_ACTIVE_COMPILATION_CONDITIONS = DEBUG;
				SWIFT_OPTIMIZATION_LEVEL = "-Onone";
			};
			name = Debug;
		};
		B951278E294788A100689799 /* Release */ = {
			isa = XCBuildConfiguration;
			buildSettings = {
				ALWAYS_SEARCH_USER_PATHS = NO;
				CLANG_ANALYZER_NONNULL = YES;
				CLANG_ANALYZER_NUMBER_OBJECT_CONVERSION = YES_AGGRESSIVE;
				CLANG_CXX_LANGUAGE_STANDARD = "gnu++20";
				CLANG_ENABLE_MODULES = YES;
				CLANG_ENABLE_OBJC_ARC = YES;
				CLANG_ENABLE_OBJC_WEAK = YES;
				CLANG_WARN_BLOCK_CAPTURE_AUTORELEASING = YES;
				CLANG_WARN_BOOL_CONVERSION = YES;
				CLANG_WARN_COMMA = YES;
				CLANG_WARN_CONSTANT_CONVERSION = YES;
				CLANG_WARN_DEPRECATED_OBJC_IMPLEMENTATIONS = YES;
				CLANG_WARN_DIRECT_OBJC_ISA_USAGE = YES_ERROR;
				CLANG_WARN_DOCUMENTATION_COMMENTS = YES;
				CLANG_WARN_EMPTY_BODY = YES;
				CLANG_WARN_ENUM_CONVERSION = YES;
				CLANG_WARN_INFINITE_RECURSION = YES;
				CLANG_WARN_INT_CONVERSION = YES;
				CLANG_WARN_NON_LITERAL_NULL_CONVERSION = YES;
				CLANG_WARN_OBJC_IMPLICIT_RETAIN_SELF = YES;
				CLANG_WARN_OBJC_LITERAL_CONVERSION = YES;
				CLANG_WARN_OBJC_ROOT_CLASS = YES_ERROR;
				CLANG_WARN_QUOTED_INCLUDE_IN_FRAMEWORK_HEADER = YES;
				CLANG_WARN_RANGE_LOOP_ANALYSIS = YES;
				CLANG_WARN_STRICT_PROTOTYPES = YES;
				CLANG_WARN_SUSPICIOUS_MOVE = YES;
				CLANG_WARN_UNGUARDED_AVAILABILITY = YES_AGGRESSIVE;
				CLANG_WARN_UNREACHABLE_CODE = YES;
				CLANG_WARN__DUPLICATE_METHOD_MATCH = YES;
				COPY_PHASE_STRIP = NO;
				DEBUG_INFORMATION_FORMAT = "dwarf-with-dsym";
				ENABLE_NS_ASSERTIONS = NO;
				ENABLE_STRICT_OBJC_MSGSEND = YES;
				GCC_C_LANGUAGE_STANDARD = gnu11;
				GCC_NO_COMMON_BLOCKS = YES;
				GCC_WARN_64_TO_32_BIT_CONVERSION = YES;
				GCC_WARN_ABOUT_RETURN_TYPE = YES_ERROR;
				GCC_WARN_UNDECLARED_SELECTOR = YES;
				GCC_WARN_UNINITIALIZED_AUTOS = YES_AGGRESSIVE;
				GCC_WARN_UNUSED_FUNCTION = YES;
				GCC_WARN_UNUSED_VARIABLE = YES;
				INFOPLIST_FILE = Spontaneous/ViewModel/Info.plist;
				IPHONEOS_DEPLOYMENT_TARGET = 16.2;
				MTL_ENABLE_DEBUG_INFO = NO;
				MTL_FAST_MATH = YES;
				SDKROOT = iphoneos;
				SWIFT_COMPILATION_MODE = wholemodule;
				SWIFT_OPTIMIZATION_LEVEL = "-O";
				VALIDATE_PRODUCT = YES;
			};
			name = Release;
		};
		B9512790294788A100689799 /* Debug */ = {
			isa = XCBuildConfiguration;
			baseConfigurationReference = 7CCDFE4C8B5A76CE24EEE40E /* Pods-Spontaneous.debug.xcconfig */;
			buildSettings = {
				ASSETCATALOG_COMPILER_APPICON_NAME = AppIcon;
				ASSETCATALOG_COMPILER_GLOBAL_ACCENT_COLOR_NAME = AccentColor;
				CODE_SIGN_STYLE = Automatic;
				CURRENT_PROJECT_VERSION = 0;
				DEVELOPMENT_TEAM = UBFNYP7C5B;
				GENERATE_INFOPLIST_FILE = YES;
				INFOPLIST_FILE = ViewModel/Info.plist;
				INFOPLIST_KEY_CFBundleDisplayName = Spontaneous;
				INFOPLIST_KEY_LSApplicationCategoryType = "public.app-category.travel";
				INFOPLIST_KEY_UIApplicationSupportsIndirectInputEvents = YES;
				INFOPLIST_KEY_UILaunchStoryboardName = LaunchScreen;
				INFOPLIST_KEY_UIMainStoryboardFile = Main;
				INFOPLIST_KEY_UIRequiresFullScreen = YES;
				INFOPLIST_KEY_UISupportedInterfaceOrientations = UIInterfaceOrientationPortrait;
				IPHONEOS_DEPLOYMENT_TARGET = 16.2;
				LD_RUNPATH_SEARCH_PATHS = (
					"$(inherited)",
					"@executable_path/Frameworks",
				);
				MARKETING_VERSION = 0.0.0;
				PRODUCT_BUNDLE_IDENTIFIER = JohnCrawley.Spontaneous;
				PRODUCT_NAME = "$(TARGET_NAME)";
				SUPPORTED_PLATFORMS = "iphoneos iphonesimulator";
				SUPPORTS_MACCATALYST = NO;
				SUPPORTS_MAC_DESIGNED_FOR_IPHONE_IPAD = YES;
				SWIFT_EMIT_LOC_STRINGS = YES;
				SWIFT_VERSION = 5.0;
				TARGETED_DEVICE_FAMILY = 1;
			};
			name = Debug;
		};
		B9512791294788A100689799 /* Release */ = {
			isa = XCBuildConfiguration;
			baseConfigurationReference = 31290F6E1A20C0F1452035FE /* Pods-Spontaneous.release.xcconfig */;
			buildSettings = {
				ASSETCATALOG_COMPILER_APPICON_NAME = AppIcon;
				ASSETCATALOG_COMPILER_GLOBAL_ACCENT_COLOR_NAME = AccentColor;
				CODE_SIGN_STYLE = Automatic;
				CURRENT_PROJECT_VERSION = 0;
				DEVELOPMENT_TEAM = UBFNYP7C5B;
				GENERATE_INFOPLIST_FILE = YES;
				INFOPLIST_FILE = ViewModel/Info.plist;
				INFOPLIST_KEY_CFBundleDisplayName = Spontaneous;
				INFOPLIST_KEY_LSApplicationCategoryType = "public.app-category.travel";
				INFOPLIST_KEY_UIApplicationSupportsIndirectInputEvents = YES;
				INFOPLIST_KEY_UILaunchStoryboardName = LaunchScreen;
				INFOPLIST_KEY_UIMainStoryboardFile = Main;
				INFOPLIST_KEY_UIRequiresFullScreen = YES;
				INFOPLIST_KEY_UISupportedInterfaceOrientations = UIInterfaceOrientationPortrait;
				IPHONEOS_DEPLOYMENT_TARGET = 16.2;
				LD_RUNPATH_SEARCH_PATHS = (
					"$(inherited)",
					"@executable_path/Frameworks",
				);
				MARKETING_VERSION = 0.0.0;
				PRODUCT_BUNDLE_IDENTIFIER = JohnCrawley.Spontaneous;
				PRODUCT_NAME = "$(TARGET_NAME)";
				SUPPORTED_PLATFORMS = "iphoneos iphonesimulator";
				SUPPORTS_MACCATALYST = NO;
				SUPPORTS_MAC_DESIGNED_FOR_IPHONE_IPAD = YES;
				SWIFT_EMIT_LOC_STRINGS = YES;
				SWIFT_VERSION = 5.0;
				TARGETED_DEVICE_FAMILY = 1;
			};
			name = Release;
		};
		B9512793294788A100689799 /* Debug */ = {
			isa = XCBuildConfiguration;
			baseConfigurationReference = 199FC8BFA7DAFD139444B7E6 /* Pods-SpontaneousTests.debug.xcconfig */;
			buildSettings = {
				ALWAYS_EMBED_SWIFT_STANDARD_LIBRARIES = YES;
				BUNDLE_LOADER = "$(TEST_HOST)";
				CODE_SIGN_STYLE = Automatic;
				CURRENT_PROJECT_VERSION = 1;
				DEVELOPMENT_TEAM = UBFNYP7C5B;
				GENERATE_INFOPLIST_FILE = YES;
				INFOPLIST_FILE = Spontaneous/ViewModel/Info.plist;
				IPHONEOS_DEPLOYMENT_TARGET = 16.0;
				MARKETING_VERSION = 1.0;
				PRODUCT_BUNDLE_IDENTIFIER = JohnCrawley.SpontaneousTests;
				PRODUCT_NAME = "$(TARGET_NAME)";
				SWIFT_EMIT_LOC_STRINGS = NO;
				SWIFT_VERSION = 5.0;
				TARGETED_DEVICE_FAMILY = "1,2";
				TEST_HOST = "$(BUILT_PRODUCTS_DIR)/Spontaneous.app/$(BUNDLE_EXECUTABLE_FOLDER_PATH)/Spontaneous";
			};
			name = Debug;
		};
		B9512794294788A100689799 /* Release */ = {
			isa = XCBuildConfiguration;
			baseConfigurationReference = B57B8F09483B8063B67AE40F /* Pods-SpontaneousTests.release.xcconfig */;
			buildSettings = {
				ALWAYS_EMBED_SWIFT_STANDARD_LIBRARIES = YES;
				BUNDLE_LOADER = "$(TEST_HOST)";
				CODE_SIGN_STYLE = Automatic;
				CURRENT_PROJECT_VERSION = 1;
				DEVELOPMENT_TEAM = UBFNYP7C5B;
				GENERATE_INFOPLIST_FILE = YES;
				INFOPLIST_FILE = Spontaneous/ViewModel/Info.plist;
				IPHONEOS_DEPLOYMENT_TARGET = 16.0;
				MARKETING_VERSION = 1.0;
				PRODUCT_BUNDLE_IDENTIFIER = JohnCrawley.SpontaneousTests;
				PRODUCT_NAME = "$(TARGET_NAME)";
				SWIFT_EMIT_LOC_STRINGS = NO;
				SWIFT_VERSION = 5.0;
				TARGETED_DEVICE_FAMILY = "1,2";
				TEST_HOST = "$(BUILT_PRODUCTS_DIR)/Spontaneous.app/$(BUNDLE_EXECUTABLE_FOLDER_PATH)/Spontaneous";
			};
			name = Release;
		};
		B9512796294788A100689799 /* Debug */ = {
			isa = XCBuildConfiguration;
			baseConfigurationReference = F29B18FCC46C0AA771F11864 /* Pods-Spontaneous-SpontaneousUITests.debug.xcconfig */;
			buildSettings = {
				ALWAYS_EMBED_SWIFT_STANDARD_LIBRARIES = YES;
				CODE_SIGN_STYLE = Automatic;
				CURRENT_PROJECT_VERSION = 1;
				DEVELOPMENT_TEAM = UBFNYP7C5B;
				GENERATE_INFOPLIST_FILE = YES;
				INFOPLIST_FILE = Spontaneous/ViewModel/Info.plist;
				MARKETING_VERSION = 1.0;
				PRODUCT_BUNDLE_IDENTIFIER = JohnCrawley.SpontaneousUITests;
				PRODUCT_NAME = "$(TARGET_NAME)";
				SWIFT_EMIT_LOC_STRINGS = NO;
				SWIFT_VERSION = 5.0;
				TARGETED_DEVICE_FAMILY = "1,2";
				TEST_TARGET_NAME = Spontaneous;
			};
			name = Debug;
		};
		B9512797294788A100689799 /* Release */ = {
			isa = XCBuildConfiguration;
			baseConfigurationReference = C78F76867B5EB3E34FC37F3F /* Pods-Spontaneous-SpontaneousUITests.release.xcconfig */;
			buildSettings = {
				ALWAYS_EMBED_SWIFT_STANDARD_LIBRARIES = YES;
				CODE_SIGN_STYLE = Automatic;
				CURRENT_PROJECT_VERSION = 1;
				DEVELOPMENT_TEAM = UBFNYP7C5B;
				GENERATE_INFOPLIST_FILE = YES;
				INFOPLIST_FILE = Spontaneous/ViewModel/Info.plist;
				MARKETING_VERSION = 1.0;
				PRODUCT_BUNDLE_IDENTIFIER = JohnCrawley.SpontaneousUITests;
				PRODUCT_NAME = "$(TARGET_NAME)";
				SWIFT_EMIT_LOC_STRINGS = NO;
				SWIFT_VERSION = 5.0;
				TARGETED_DEVICE_FAMILY = "1,2";
				TEST_TARGET_NAME = Spontaneous;
			};
			name = Release;
		};
/* End XCBuildConfiguration section */

/* Begin XCConfigurationList section */
		B95127602947889E00689799 /* Build configuration list for PBXProject "Spontaneous" */ = {
			isa = XCConfigurationList;
			buildConfigurations = (
				B951278D294788A100689799 /* Debug */,
				B951278E294788A100689799 /* Release */,
			);
			defaultConfigurationIsVisible = 0;
			defaultConfigurationName = Release;
		};
		B951278F294788A100689799 /* Build configuration list for PBXNativeTarget "Spontaneous" */ = {
			isa = XCConfigurationList;
			buildConfigurations = (
				B9512790294788A100689799 /* Debug */,
				B9512791294788A100689799 /* Release */,
			);
			defaultConfigurationIsVisible = 0;
			defaultConfigurationName = Release;
		};
		B9512792294788A100689799 /* Build configuration list for PBXNativeTarget "SpontaneousTests" */ = {
			isa = XCConfigurationList;
			buildConfigurations = (
				B9512793294788A100689799 /* Debug */,
				B9512794294788A100689799 /* Release */,
			);
			defaultConfigurationIsVisible = 0;
			defaultConfigurationName = Release;
		};
		B9512795294788A100689799 /* Build configuration list for PBXNativeTarget "SpontaneousUITests" */ = {
			isa = XCConfigurationList;
			buildConfigurations = (
				B9512796294788A100689799 /* Debug */,
				B9512797294788A100689799 /* Release */,
			);
			defaultConfigurationIsVisible = 0;
			defaultConfigurationName = Release;
		};
/* End XCConfigurationList section */
	};
	rootObject = B951275D2947889E00689799 /* Project object */;
}
